{
  "name": "y",
  "version": "1.0.0",
  "lockfileVersion": 3,
  "requires": true,
  "packages": {
    "": {
      "name": "y",
      "version": "1.0.0",
      "license": "ISC",
      "dependencies": {
        "lottus.js": "github:benchambule/lottus.js#main"
      }
    },
    "node_modules/lottus.js": {
      "version": "1.0.1",
      "resolved": "git+ssh://git@github.com/benchambule/lottus.js.git#b07fa44e901c76d74054e9bbbeb6cea8a46fe135",
      "license": "Apache-2.0"
    }
  }
}
